
Microsoft Visual Studio Solution File, Format Version 12.00
# Visual Studio 15
VisualStudioVersion = 15.0.27130.2026
MinimumVisualStudioVersion = 10.0.40219.1
Project("{FAE04EC0-301F-11D3-BF4B-00C04F79EFBC}") = "Chinook", "Chinook\Chinook.csproj", "{C40F876D-723D-4757-B22E-9BF1CD37973A}"
EndProject
Global
	GlobalSection(SolutionConfigurationPlatforms) = preSolution
		Debug|Any CPU = Debug|Any CPU
		Release|Any CPU = Release|Any CPU
	EndGlobalSection
	GlobalSection(ProjectConfigurationPlatforms) = postSolution
		{C40F876D-723D-4757-B22E-9BF1CD37973A}.Debug|Any CPU.ActiveCfg = Debug|Any CPU
		{C40F876D-723D-4757-B22E-9BF1CD37973A}.Debug|Any CPU.Build.0 = Debug|Any CPU
		{C40F876D-723D-4757-B22E-9BF1CD37973A}.Release|Any CPU.ActiveCfg = Release|Any CPU
		{C40F876D-723D-4757-B22E-9BF1CD37973A}.Release|Any CPU.Build.0 = Release|Any CPU
	EndGlobalSection
	GlobalSection(SolutionProperties) = preSolution
		HideSolutionNode = FALSE
	EndGlobalSection
	GlobalSection(ExtensibilityGlobals) = postSolution
		SolutionGuid = {9657445D-5DDE-4854-A163-302578D93318}
	EndGlobalSection
EndGlobal
